
Microsoft Visual Studio Solution File, Format Version 12.00
# Visual Studio 14
VisualStudioVersion = 14.0.25420.1
MinimumVisualStudioVersion = 10.0.40219.1
Project("{FAE04EC0-301F-11D3-BF4B-00C04F79EFBC}") = "AdventOfCodeDay20", "AdventOfCodeDay20\AdventOfCodeDay20.csproj", "{89F53FCB-00E0-4410-8AA0-CD996B3656CA}"
EndProject
Project("{FAE04EC0-301F-11D3-BF4B-00C04F79EFBC}") = "AdventOfCodeDay1", "AdventOfCodeDay1\AdventOfCodeDay1.csproj", "{C99A7F4E-C904-45C6-B239-1DC2CB4A74D4}"
EndProject
Project("{FAE04EC0-301F-11D3-BF4B-00C04F79EFBC}") = "AdventOfCodeDay2", "AdventOfCodeDay2\AdventOfCodeDay2.csproj", "{EE1A1790-4824-453A-822B-15E077442607}"
EndProject
Project("{FAE04EC0-301F-11D3-BF4B-00C04F79EFBC}") = "AdventOfCodeDay3", "AdventOfCodeDay3\AdventOfCodeDay3.csproj", "{D599371A-7D3D-4664-882C-5C07C7E28C7B}"
EndProject
Project("{FAE04EC0-301F-11D3-BF4B-00C04F79EFBC}") = "AdventOfCodeWeb2017", "AdventOfCodeWeb2017\AdventOfCodeWeb2017.csproj", "{37E252C1-C557-4F7D-906C-4E81D42E587D}"
EndProject
Project("{FAE04EC0-301F-11D3-BF4B-00C04F79EFBC}") = "AdventOfCodeWPF", "AdventOfCodeWPF\AdventOfCodeWPF.csproj", "{4F2817AA-6904-4BB4-BED0-0598A39BA1D7}"
EndProject
Project("{FAE04EC0-301F-11D3-BF4B-00C04F79EFBC}") = "AdventOfCodeDay4", "AdventOfCodeDay4\AdventOfCodeDay4.csproj", "{656837EB-FB6B-43F4-9B19-F056DEA5B8BC}"
EndProject
Project("{FAE04EC0-301F-11D3-BF4B-00C04F79EFBC}") = "AdventOfCodeTests", "AdventOfCodeTests\AdventOfCodeTests.csproj", "{0DF5991D-2FED-4677-A7E1-9E5CD36798F2}"
EndProject
Project("{FAE04EC0-301F-11D3-BF4B-00C04F79EFBC}") = "AdventOfCodeDay5", "AdventOfCodeDay5\AdventOfCodeDay5.csproj", "{5A369FE3-AB42-48B9-B656-0B6E19BC975E}"
EndProject
Project("{FAE04EC0-301F-11D3-BF4B-00C04F79EFBC}") = "AdventOfCodeDay6", "AdventOfCodeDay6\AdventOfCodeDay6.csproj", "{A558BBEA-9CAE-46BB-B3B6-1B4CA34E6BC1}"
EndProject
Global
	GlobalSection(SolutionConfigurationPlatforms) = preSolution
		Debug|Any CPU = Debug|Any CPU
		Release|Any CPU = Release|Any CPU
	EndGlobalSection
	GlobalSection(ProjectConfigurationPlatforms) = postSolution
		{89F53FCB-00E0-4410-8AA0-CD996B3656CA}.Debug|Any CPU.ActiveCfg = Debug|Any CPU
		{89F53FCB-00E0-4410-8AA0-CD996B3656CA}.Debug|Any CPU.Build.0 = Debug|Any CPU
		{89F53FCB-00E0-4410-8AA0-CD996B3656CA}.Release|Any CPU.ActiveCfg = Release|Any CPU
		{89F53FCB-00E0-4410-8AA0-CD996B3656CA}.Release|Any CPU.Build.0 = Release|Any CPU
		{C99A7F4E-C904-45C6-B239-1DC2CB4A74D4}.Debug|Any CPU.ActiveCfg = Debug|Any CPU
		{C99A7F4E-C904-45C6-B239-1DC2CB4A74D4}.Debug|Any CPU.Build.0 = Debug|Any CPU
		{C99A7F4E-C904-45C6-B239-1DC2CB4A74D4}.Release|Any CPU.ActiveCfg = Release|Any CPU
		{C99A7F4E-C904-45C6-B239-1DC2CB4A74D4}.Release|Any CPU.Build.0 = Release|Any CPU
		{EE1A1790-4824-453A-822B-15E077442607}.Debug|Any CPU.ActiveCfg = Debug|Any CPU
		{EE1A1790-4824-453A-822B-15E077442607}.Debug|Any CPU.Build.0 = Debug|Any CPU
		{EE1A1790-4824-453A-822B-15E077442607}.Release|Any CPU.ActiveCfg = Release|Any CPU
		{EE1A1790-4824-453A-822B-15E077442607}.Release|Any CPU.Build.0 = Release|Any CPU
		{D599371A-7D3D-4664-882C-5C07C7E28C7B}.Debug|Any CPU.ActiveCfg = Debug|Any CPU
		{D599371A-7D3D-4664-882C-5C07C7E28C7B}.Debug|Any CPU.Build.0 = Debug|Any CPU
		{D599371A-7D3D-4664-882C-5C07C7E28C7B}.Release|Any CPU.ActiveCfg = Release|Any CPU
		{D599371A-7D3D-4664-882C-5C07C7E28C7B}.Release|Any CPU.Build.0 = Release|Any CPU
		{37E252C1-C557-4F7D-906C-4E81D42E587D}.Debug|Any CPU.ActiveCfg = Debug|Any CPU
		{37E252C1-C557-4F7D-906C-4E81D42E587D}.Debug|Any CPU.Build.0 = Debug|Any CPU
		{37E252C1-C557-4F7D-906C-4E81D42E587D}.Release|Any CPU.ActiveCfg = Release|Any CPU
		{37E252C1-C557-4F7D-906C-4E81D42E587D}.Release|Any CPU.Build.0 = Release|Any CPU
		{4F2817AA-6904-4BB4-BED0-0598A39BA1D7}.Debug|Any CPU.ActiveCfg = Debug|Any CPU
		{4F2817AA-6904-4BB4-BED0-0598A39BA1D7}.Debug|Any CPU.Build.0 = Debug|Any CPU
		{4F2817AA-6904-4BB4-BED0-0598A39BA1D7}.Release|Any CPU.ActiveCfg = Release|Any CPU
		{4F2817AA-6904-4BB4-BED0-0598A39BA1D7}.Release|Any CPU.Build.0 = Release|Any CPU
		{656837EB-FB6B-43F4-9B19-F056DEA5B8BC}.Debug|Any CPU.ActiveCfg = Debug|Any CPU
		{656837EB-FB6B-43F4-9B19-F056DEA5B8BC}.Debug|Any CPU.Build.0 = Debug|Any CPU
		{656837EB-FB6B-43F4-9B19-F056DEA5B8BC}.Release|Any CPU.ActiveCfg = Release|Any CPU
		{656837EB-FB6B-43F4-9B19-F056DEA5B8BC}.Release|Any CPU.Build.0 = Release|Any CPU
		{0DF5991D-2FED-4677-A7E1-9E5CD36798F2}.Debug|Any CPU.ActiveCfg = Debug|Any CPU
		{0DF5991D-2FED-4677-A7E1-9E5CD36798F2}.Debug|Any CPU.Build.0 = Debug|Any CPU
		{0DF5991D-2FED-4677-A7E1-9E5CD36798F2}.Release|Any CPU.ActiveCfg = Release|Any CPU
		{0DF5991D-2FED-4677-A7E1-9E5CD36798F2}.Release|Any CPU.Build.0 = Release|Any CPU
		{5A369FE3-AB42-48B9-B656-0B6E19BC975E}.Debug|Any CPU.ActiveCfg = Debug|Any CPU
		{5A369FE3-AB42-48B9-B656-0B6E19BC975E}.Debug|Any CPU.Build.0 = Debug|Any CPU
		{5A369FE3-AB42-48B9-B656-0B6E19BC975E}.Release|Any CPU.ActiveCfg = Release|Any CPU
		{5A369FE3-AB42-48B9-B656-0B6E19BC975E}.Release|Any CPU.Build.0 = Release|Any CPU
		{A558BBEA-9CAE-46BB-B3B6-1B4CA34E6BC1}.Debug|Any CPU.ActiveCfg = Debug|Any CPU
		{A558BBEA-9CAE-46BB-B3B6-1B4CA34E6BC1}.Debug|Any CPU.Build.0 = Debug|Any CPU
		{A558BBEA-9CAE-46BB-B3B6-1B4CA34E6BC1}.Release|Any CPU.ActiveCfg = Release|Any CPU
		{A558BBEA-9CAE-46BB-B3B6-1B4CA34E6BC1}.Release|Any CPU.Build.0 = Release|Any CPU
	EndGlobalSection
	GlobalSection(SolutionProperties) = preSolution
		HideSolutionNode = FALSE
	EndGlobalSection
EndGlobal
