
Microsoft Visual Studio Solution File, Format Version 12.00
# Visual Studio 14
VisualStudioVersion = 14.0.25420.1
MinimumVisualStudioVersion = 10.0.40219.1
Project("{FAE04EC0-301F-11D3-BF4B-00C04F79EFBC}") = "AdventOfCode2017", "AdventOfCode2017\AdventOfCode2017.csproj", "{AC4DD771-4CD0-45EB-AECF-C6701497674C}"
EndProject
Project("{FAE04EC0-301F-11D3-BF4B-00C04F79EFBC}") = "AdventOfCodeDay20", "AdventOfCodeDay20\AdventOfCodeDay20.csproj", "{89F53FCB-00E0-4410-8AA0-CD996B3656CA}"
EndProject
Project("{FAE04EC0-301F-11D3-BF4B-00C04F79EFBC}") = "AdventOfCodeDay1", "AdventOfCodeDay1\AdventOfCodeDay1.csproj", "{C99A7F4E-C904-45C6-B239-1DC2CB4A74D4}"
EndProject
Project("{FAE04EC0-301F-11D3-BF4B-00C04F79EFBC}") = "AdventOfCodeDay2", "AdventOfCodeDay2\AdventOfCodeDay2.csproj", "{EE1A1790-4824-453A-822B-15E077442607}"
EndProject
Global
	GlobalSection(SolutionConfigurationPlatforms) = preSolution
		Debug|Any CPU = Debug|Any CPU
		Release|Any CPU = Release|Any CPU
	EndGlobalSection
	GlobalSection(ProjectConfigurationPlatforms) = postSolution
		{AC4DD771-4CD0-45EB-AECF-C6701497674C}.Debug|Any CPU.ActiveCfg = Debug|Any CPU
		{AC4DD771-4CD0-45EB-AECF-C6701497674C}.Debug|Any CPU.Build.0 = Debug|Any CPU
		{AC4DD771-4CD0-45EB-AECF-C6701497674C}.Release|Any CPU.ActiveCfg = Release|Any CPU
		{AC4DD771-4CD0-45EB-AECF-C6701497674C}.Release|Any CPU.Build.0 = Release|Any CPU
		{89F53FCB-00E0-4410-8AA0-CD996B3656CA}.Debug|Any CPU.ActiveCfg = Debug|Any CPU
		{89F53FCB-00E0-4410-8AA0-CD996B3656CA}.Debug|Any CPU.Build.0 = Debug|Any CPU
		{89F53FCB-00E0-4410-8AA0-CD996B3656CA}.Release|Any CPU.ActiveCfg = Release|Any CPU
		{89F53FCB-00E0-4410-8AA0-CD996B3656CA}.Release|Any CPU.Build.0 = Release|Any CPU
		{C99A7F4E-C904-45C6-B239-1DC2CB4A74D4}.Debug|Any CPU.ActiveCfg = Debug|Any CPU
		{C99A7F4E-C904-45C6-B239-1DC2CB4A74D4}.Debug|Any CPU.Build.0 = Debug|Any CPU
		{C99A7F4E-C904-45C6-B239-1DC2CB4A74D4}.Release|Any CPU.ActiveCfg = Release|Any CPU
		{C99A7F4E-C904-45C6-B239-1DC2CB4A74D4}.Release|Any CPU.Build.0 = Release|Any CPU
		{EE1A1790-4824-453A-822B-15E077442607}.Debug|Any CPU.ActiveCfg = Debug|Any CPU
		{EE1A1790-4824-453A-822B-15E077442607}.Debug|Any CPU.Build.0 = Debug|Any CPU
		{EE1A1790-4824-453A-822B-15E077442607}.Release|Any CPU.ActiveCfg = Release|Any CPU
		{EE1A1790-4824-453A-822B-15E077442607}.Release|Any CPU.Build.0 = Release|Any CPU
	EndGlobalSection
	GlobalSection(SolutionProperties) = preSolution
		HideSolutionNode = FALSE
	EndGlobalSection
EndGlobal
